{
  "requires": true,
  "lockfileVersion": 1,
  "dependencies": {
    "bower": {
      "version": "1.8.2",
      "resolved": "https://registry.npmjs.org/bower/-/bower-1.8.2.tgz",
      "integrity": "sha1-rfU1KcjUrwLvJPuNU0HBQZ0z4vc="
    },
    "jquery-image-explode": {
      "version": "1.0.20",
      "resolved": "https://registry.npmjs.org/jquery-image-explode/-/jquery-image-explode-1.0.20.tgz",
      "integrity": "sha512-K/qI2+EZwNYuTPtKPfedxrBdWa7G+MiEWtdHkNhPke4cydyE2eaTdRbGFIoHUJmAwX1gX3N76IDuu55JX/Gx7Q=="
    }
  }
}
